<Solution>
  <Folder Name="/samples/">
    <Project Path="samples/SubtitleBurner.Demo/SubtitleBurner.Demo.csproj" />
  </Folder>
  <Folder Name="/src/">
    <Project Path="src/SubtitleBurner/SubtitleBurner.csproj" />
  </Folder>
  <Folder Name="/tests/">
    <Project Path="tests/SubtitleBurner.Tests/SubtitleBurner.Tests.csproj" />
  </Folder>
</Solution>
